<?xml version="1.0" encoding="utf-8"?>
<Project ToolsVersion="4.0" xmlns="http://schemas.microsoft.com/developer/msbuild/2003">
  <ItemGroup>
    <Filter Include="headers">
      <UniqueIdentifier>{3943fb01-c25a-4b9a-bb9d-2caf36fdf66c}</UniqueIdentifier>
    </Filter>
    <Filter Include="source">
      <UniqueIdentifier>{7c951db4-3853-4b67-a8ef-7f3f0cd9a8d5}</UniqueIdentifier>
    </Filter>
    <Filter Include="cuda">
      <UniqueIdentifier>{65d73b47-273b-4616-a684-a80a64861831}</UniqueIdentifier>
    </Filter>
    <Filter Include="tests">
      <UniqueIdentifier>{4e3cd670-cfe7-4d57-8176-e992d62c5077}</UniqueIdentifier>
    </Filter>
    <Filter Include="workloads">
      <UniqueIdentifier>{a3a7f5e6-f9dc-48d8-8d13-7e9d66c22f3c}</UniqueIdentifier>
    </Filter>
    <Filter Include="workloads\points">
      <UniqueIdentifier>{d0de39c2-0af8-42fb-8a3a-d670687b93a4}</UniqueIdentifier>
    </Filter>
    <Filter Include="core">
      <UniqueIdentifier>{f5a82966-b3c9-4734-81fb-5dd8402e6f65}</UniqueIdentifier>
    </Filter>
    <Filter Include="experiments">
      <UniqueIdentifier>{93b11466-75e2-493c-b60c-a9657993b080}</UniqueIdentifier>
    </Filter>
    <Filter Include="ui">
      <UniqueIdentifier>{d511d92e-1f86-4e79-bac4-146c36e88571}</UniqueIdentifier>
    </Filter>
  </ItemGroup>
  <ItemGroup>
    <ClInclude Include="..\tests\BaselineTests.h">
      <Filter>tests</Filter>
    </ClInclude>
    <ClInclude Include="AABB.h">
      <Filter>headers</Filter>
    </ClInclude>
    <ClInclude Include="AppConfig.h">
      <Filter>headers</Filter>
    </ClInclude>
    </ClInclude>
    </ClInclude>
    <ClInclude Include="GPUStructs.h">
      <Filter>headers</Filter>
    </ClInclude>
    </ClInclude>
    </ClInclude>
    <ClInclude Include="MultiDataStructure.h">
      <Filter>headers</Filter>
    </ClInclude>
    <ClInclude Include="Ray.h">
      <Filter>headers</Filter>
    </ClInclude>
    </ClInclude>
    <ClInclude Include="stdafx.h">
      <Filter>headers</Filter>
    </ClInclude>
    </ClInclude>
    <ClInclude Include="Bvh.h">
      <Filter>headers</Filter>
    </ClInclude>
    </ClInclude>
    <ClInclude Include="bvh_kernels.cuh">
      <Filter>cuda</Filter>
    </ClInclude>
    <ClInclude Include="morton_encoding_kernels.cuh">
      <Filter>cuda</Filter>
    </ClInclude>
    <ClInclude Include="cuda_globals.cuh">
      <Filter>cuda</Filter>
    </ClInclude>
    </ClInclude>
    <ClInclude Include="CudaHelper.h">
      <Filter>headers</Filter>
    </ClInclude>
    <ClInclude Include="QuadTree.h">
      <Filter>headers</Filter>
    </ClInclude>
    </ClInclude>
    </ClInclude>
    <ClInclude Include="KdTree.h">
      <Filter>headers</Filter>
    </ClInclude>
    <ClInclude Include="Octree.h">
      <Filter>headers</Filter>
    </ClInclude>
    </ClInclude>
    </ClInclude>
    <ClInclude Include="core\BuildPolicy.h">
      <Filter>core</Filter>
    </ClInclude>
    <ClInclude Include="core\Config.h">
      <Filter>core</Filter>
    </ClInclude>
    <ClInclude Include="experiments\Metrics.h">
      <Filter>experiments</Filter>
    </ClInclude>
    <ClInclude Include="experiments\EvaluationCache.h">
      <Filter>experiments</Filter>
    </ClInclude>
    <ClInclude Include="experiments\SurrogateAcquisition.h">
      <Filter>experiments</Filter>
    </ClInclude>
    <ClInclude Include="experiments\ThresholdRefiner.h">
      <Filter>experiments</Filter>
    </ClInclude>
    <ClInclude Include="experiments\FeatureExtraction.h">
      <Filter>experiments</Filter>
    </ClInclude>
    <ClInclude Include="experiments\SchemaSearch.h">
      <Filter>experiments</Filter>
    </ClInclude>
    <ClInclude Include="experiments\SchemaSelector.h">
      <Filter>experiments</Filter>
    </ClInclude>
    <ClInclude Include="workloads\points\PointBenchmark.h">
      <Filter>workloads\points</Filter>
    </ClInclude>
    <ClInclude Include="workloads\points\BIH.h">
      <Filter>workloads\points</Filter>
    </ClInclude>
    <ClInclude Include="workloads\points\PointCloud.h">
      <Filter>workloads\points</Filter>
    </ClInclude>
    <ClInclude Include="workloads\points\HGrid.h">
      <Filter>workloads\points</Filter>
    </ClInclude>
    <ClInclude Include="workloads\points\KDTree.h">
      <Filter>workloads\points</Filter>
    </ClInclude>
    <ClInclude Include="workloads\points\MixedTree.h">
      <Filter>workloads\points</Filter>
    </ClInclude>
    <ClInclude Include="workloads\points\PointPrimitive.h">
      <Filter>workloads\points</Filter>
    </ClInclude>
    <ClInclude Include="workloads\points\LBVH.h">
      <Filter>workloads\points</Filter>
    </ClInclude>
    <ClInclude Include="workloads\points\Octree.h">
      <Filter>workloads\points</Filter>
    </ClInclude>
    <ClInclude Include="workloads\points\PointGpuTypes.h">
      <Filter>workloads\points</Filter>
    </ClInclude>
    <ClInclude Include="workloads\points\PointSpatialIndex.h">
      <Filter>workloads\points</Filter>
    </ClInclude>
    <ClInclude Include="workloads\points\QuadTree.h">
      <Filter>workloads\points</Filter>
    </ClInclude>
    <ClInclude Include="workloads\points\RegularGrid.h">
      <Filter>workloads\points</Filter>
    </ClInclude>
    <ClInclude Include="workloads\points\SyntheticPointClouds.h">
      <Filter>workloads\points</Filter>
    </ClInclude>
    <ClInclude Include="ui\OptimizerGui.h">
      <Filter>ui</Filter>
    </ClInclude>
  </ItemGroup>
  <ItemGroup>
    <ClCompile Include="..\tests\test_bih.cpp">
      <Filter>tests</Filter>
    </ClCompile>
    <ClCompile Include="..\tests\test_config_parsing.cpp">
      <Filter>tests</Filter>
    </ClCompile>
    <ClCompile Include="..\tests\test_hgrid.cpp">
      <Filter>tests</Filter>
    </ClCompile>
    <ClCompile Include="..\tests\test_kdtree.cpp">
      <Filter>tests</Filter>
    </ClCompile>
    <ClCompile Include="..\tests\test_lbvh.cpp">
      <Filter>tests</Filter>
    </ClCompile>
    <ClCompile Include="..\tests\test_feature_extraction.cpp">
      <Filter>tests</Filter>
    </ClCompile>
    <ClCompile Include="..\tests\test_level_schedule.cpp">
      <Filter>tests</Filter>
    </ClCompile>
    <ClCompile Include="..\tests\test_metrics.cpp">
      <Filter>tests</Filter>
    </ClCompile>
    <ClCompile Include="..\tests\test_mixed_tree.cpp">
      <Filter>tests</Filter>
    </ClCompile>
    <ClCompile Include="..\tests\test_octree.cpp">
      <Filter>tests</Filter>
    </ClCompile>
    <ClCompile Include="..\tests\test_pointcloud_io.cpp">
      <Filter>tests</Filter>
    </ClCompile>
    <ClCompile Include="..\tests\test_point_queries.cpp">
      <Filter>tests</Filter>
    </ClCompile>
    <ClCompile Include="..\tests\test_quadtree.cpp">
      <Filter>tests</Filter>
    </ClCompile>
    <ClCompile Include="..\tests\test_regular_grid.cpp">
      <Filter>tests</Filter>
    </ClCompile>
    <ClCompile Include="..\tests\test_schema_search.cpp">
      <Filter>tests</Filter>
    </ClCompile>
    <ClCompile Include="..\tests\test_schema_selector.cpp">
      <Filter>tests</Filter>
    </ClCompile>
    <ClCompile Include="..\tests\test_tree_cleanup.cpp">
      <Filter>tests</Filter>
    </ClCompile>
    <ClCompile Include="AABB.cpp">
      <Filter>source</Filter>
    </ClCompile>
    <ClCompile Include="AppConfig.cpp">
      <Filter>source</Filter>
    </ClCompile>
    </ClCompile>
    </ClCompile>
    <ClCompile Include="GPUStructs.cpp">
      <Filter>source</Filter>
    </ClCompile>
    <ClCompile Include="main.cpp">
      <Filter>source</Filter>
    </ClCompile>
    </ClCompile>
    </ClCompile>
    <ClCompile Include="MultiDataStructure.cpp">
      <Filter>source</Filter>
    </ClCompile>
    <ClCompile Include="Ray.cpp">
      <Filter>source</Filter>
    </ClCompile>
    </ClCompile>
    <ClCompile Include="stdafx.cpp">
      <Filter>source</Filter>
    </ClCompile>
    </ClCompile>
    </ClCompile>
    <ClCompile Include="CudaHelper.cpp">
      <Filter>source</Filter>
    </ClCompile>
    <ClCompile Include="QuadTree.cpp">
      <Filter>source</Filter>
    </ClCompile>
    </ClCompile>
    </ClCompile>
    <ClCompile Include="Octree.cpp">
      <Filter>source</Filter>
    </ClCompile>
    <ClCompile Include="KdTree.cpp">
      <Filter>source</Filter>
    </ClCompile>
    <ClCompile Include="core\BuildPolicy.cpp">
      <Filter>core</Filter>
    </ClCompile>
    <ClCompile Include="core\Config.cpp">
      <Filter>core</Filter>
    </ClCompile>
    <ClCompile Include="experiments\Metrics.cpp">
      <Filter>experiments</Filter>
    </ClCompile>
    <ClCompile Include="experiments\EvaluationCache.cpp">
      <Filter>experiments</Filter>
    </ClCompile>
    <ClCompile Include="experiments\SurrogateAcquisition.cpp">
      <Filter>experiments</Filter>
    </ClCompile>
    <ClCompile Include="experiments\ThresholdRefiner.cpp">
      <Filter>experiments</Filter>
    </ClCompile>
    <ClCompile Include="experiments\FeatureExtraction.cpp">
      <Filter>experiments</Filter>
    </ClCompile>
    <ClCompile Include="experiments\SchemaSearch.cpp">
      <Filter>experiments</Filter>
    </ClCompile>
    <ClCompile Include="experiments\SchemaSelector.cpp">
      <Filter>experiments</Filter>
    </ClCompile>
    <ClCompile Include="workloads\points\BIH.cpp">
      <Filter>workloads\points</Filter>
    </ClCompile>
    <ClCompile Include="workloads\points\HGrid.cpp">
      <Filter>workloads\points</Filter>
    </ClCompile>
    <ClCompile Include="workloads\points\PointBenchmark.cpp">
      <Filter>workloads\points</Filter>
    </ClCompile>
    <ClCompile Include="workloads\points\PointCloud.cpp">
      <Filter>workloads\points</Filter>
    </ClCompile>
    <ClCompile Include="workloads\points\PointPrimitive.cpp">
      <Filter>workloads\points</Filter>
    </ClCompile>
    <ClCompile Include="workloads\points\PointSpatialIndex.cpp">
      <Filter>workloads\points</Filter>
    </ClCompile>
    <ClCompile Include="workloads\points\SyntheticPointClouds.cpp">
      <Filter>workloads\points</Filter>
    </ClCompile>
    <ClCompile Include="ui\OptimizerGui.cpp">
      <Filter>ui</Filter>
    </ClCompile>
  </ItemGroup>
  <ItemGroup>
    <CudaCompile Include="Bvh.cu">
      <Filter>source</Filter>
    </CudaCompile>
    <CudaCompile Include="bvh_kernels.cu">
      <Filter>cuda</Filter>
    </CudaCompile>
    <CudaCompile Include="morton_encoding_kernels.cu">
      <Filter>cuda</Filter>
    </CudaCompile>
    <CudaCompile Include="cuda_globals.cu">
      <Filter>cuda</Filter>
    </CudaCompile>
    <CudaCompile Include="workloads\points\KDTree.cu">
      <Filter>cuda</Filter>
    </CudaCompile>
    <CudaCompile Include="workloads\points\LBVH.cu">
      <Filter>cuda</Filter>
    </CudaCompile>
    <CudaCompile Include="workloads\points\MixedTree.cu">
      <Filter>cuda</Filter>
    </CudaCompile>
    <CudaCompile Include="workloads\points\Octree.cu">
      <Filter>cuda</Filter>
    </CudaCompile>
    <CudaCompile Include="workloads\points\QuadTree.cu">
      <Filter>cuda</Filter>
    </CudaCompile>
    <CudaCompile Include="workloads\points\RegularGrid.cu">
      <Filter>cuda</Filter>
    </CudaCompile>
  </ItemGroup>
</Project>
